
Microsoft Visual Studio Solution File, Format Version 12.00
# Visual Studio Version 17
VisualStudioVersion = 17.0.31912.275
MinimumVisualStudioVersion = 10.0.40219.1
Project("{9A19103F-16F7-4668-BE54-9A1E7A4F7556}") = "InjeCtor.Core", "src\InjeCtor.Core\InjeCtor.Core.csproj", "{50EC152D-C300-4EF6-ADFB-4416E1D65B9B}"
EndProject
Project("{2150E333-8FDC-42A3-9474-1A3956D46DE8}") = "src", "src", "{38781058-D83A-42D2-96DF-7D44E0CA0AF8}"
EndProject
Project("{2150E333-8FDC-42A3-9474-1A3956D46DE8}") = "test", "test", "{C2A4230F-35B6-4C29-BE6A-8BA4E073D2B8}"
EndProject
Project("{9A19103F-16F7-4668-BE54-9A1E7A4F7556}") = "InjeCtor.Core.Test", "test\InjeCtor.Core.Test\InjeCtor.Core.Test.csproj", "{B6CE8BB3-A32D-4E56-974D-9FD227983D75}"
EndProject
Project("{9A19103F-16F7-4668-BE54-9A1E7A4F7556}") = "InjeCtor.Core.Implementations", "test\InjeCtor.Core.Implementations\InjeCtor.Core.Implementations.csproj", "{658F7BF2-0AAB-406D-8A38-DCF665368A3D}"
EndProject
Project("{9A19103F-16F7-4668-BE54-9A1E7A4F7556}") = "InjeCtor.Core.Test.Interfaces", "test\InjeCtor.Core.Test.Interfaces\InjeCtor.Core.Test.Interfaces.csproj", "{E895A4FF-A786-415A-9AC8-5E5CDF97B0F3}"
EndProject
Project("{FAE04EC0-301F-11D3-BF4B-00C04F79EFBC}") = "InjeCtor.Core.Framework.Test", "test\InjeCtor.Core.Framework.Test\InjeCtor.Core.Framework.Test.csproj", "{B606E605-BAC9-4B60-BB9A-8141926C2403}"
EndProject
Project("{2150E333-8FDC-42A3-9474-1A3956D46DE8}") = "doc", "doc", "{F47997B6-02D5-4D2D-BD11-148A0467CD6C}"
EndProject
Project("{9A19103F-16F7-4668-BE54-9A1E7A4F7556}") = "InjeCtor.Core.Samples", "doc\InjeCtor.Core.Samples\InjeCtor.Core.Samples.csproj", "{DC4F41F4-B0CB-4628-B667-5DA880F48767}"
EndProject
Project("{9A19103F-16F7-4668-BE54-9A1E7A4F7556}") = "InjeCtor.Configuration", "src\InjeCtor.Configuration\InjeCtor.Configuration.csproj", "{F86C19AF-E16A-4DD2-9DC0-9ED30B4BD343}"
EndProject
Project("{9A19103F-16F7-4668-BE54-9A1E7A4F7556}") = "InjeCtor.Configuration.Test", "test\InjeCtor.Configuration.Test\InjeCtor.Configuration.Test.csproj", "{782BF4C6-8464-4CE0-88B5-6B810F31C703}"
EndProject
Project("{FAE04EC0-301F-11D3-BF4B-00C04F79EFBC}") = "InjeCtor.Configuration.Samples", "doc\InjeCtor.Configuration.Samples\InjeCtor.Configuration.Samples.csproj", "{47C7A26F-30C6-42C3-B813-627EB0AC21CD}"
EndProject
Global
	GlobalSection(SolutionConfigurationPlatforms) = preSolution
		Debug|Any CPU = Debug|Any CPU
		Release|Any CPU = Release|Any CPU
	EndGlobalSection
	GlobalSection(ProjectConfigurationPlatforms) = postSolution
		{50EC152D-C300-4EF6-ADFB-4416E1D65B9B}.Debug|Any CPU.ActiveCfg = Debug|Any CPU
		{50EC152D-C300-4EF6-ADFB-4416E1D65B9B}.Debug|Any CPU.Build.0 = Debug|Any CPU
		{50EC152D-C300-4EF6-ADFB-4416E1D65B9B}.Release|Any CPU.ActiveCfg = Release|Any CPU
		{50EC152D-C300-4EF6-ADFB-4416E1D65B9B}.Release|Any CPU.Build.0 = Release|Any CPU
		{B6CE8BB3-A32D-4E56-974D-9FD227983D75}.Debug|Any CPU.ActiveCfg = Debug|Any CPU
		{B6CE8BB3-A32D-4E56-974D-9FD227983D75}.Debug|Any CPU.Build.0 = Debug|Any CPU
		{B6CE8BB3-A32D-4E56-974D-9FD227983D75}.Release|Any CPU.ActiveCfg = Release|Any CPU
		{B6CE8BB3-A32D-4E56-974D-9FD227983D75}.Release|Any CPU.Build.0 = Release|Any CPU
		{658F7BF2-0AAB-406D-8A38-DCF665368A3D}.Debug|Any CPU.ActiveCfg = Debug|Any CPU
		{658F7BF2-0AAB-406D-8A38-DCF665368A3D}.Debug|Any CPU.Build.0 = Debug|Any CPU
		{658F7BF2-0AAB-406D-8A38-DCF665368A3D}.Release|Any CPU.ActiveCfg = Release|Any CPU
		{658F7BF2-0AAB-406D-8A38-DCF665368A3D}.Release|Any CPU.Build.0 = Release|Any CPU
		{E895A4FF-A786-415A-9AC8-5E5CDF97B0F3}.Debug|Any CPU.ActiveCfg = Debug|Any CPU
		{E895A4FF-A786-415A-9AC8-5E5CDF97B0F3}.Debug|Any CPU.Build.0 = Debug|Any CPU
		{E895A4FF-A786-415A-9AC8-5E5CDF97B0F3}.Release|Any CPU.ActiveCfg = Release|Any CPU
		{E895A4FF-A786-415A-9AC8-5E5CDF97B0F3}.Release|Any CPU.Build.0 = Release|Any CPU
		{B606E605-BAC9-4B60-BB9A-8141926C2403}.Debug|Any CPU.ActiveCfg = Debug|Any CPU
		{B606E605-BAC9-4B60-BB9A-8141926C2403}.Debug|Any CPU.Build.0 = Debug|Any CPU
		{B606E605-BAC9-4B60-BB9A-8141926C2403}.Release|Any CPU.ActiveCfg = Release|Any CPU
		{B606E605-BAC9-4B60-BB9A-8141926C2403}.Release|Any CPU.Build.0 = Release|Any CPU
		{DC4F41F4-B0CB-4628-B667-5DA880F48767}.Debug|Any CPU.ActiveCfg = Debug|Any CPU
		{DC4F41F4-B0CB-4628-B667-5DA880F48767}.Debug|Any CPU.Build.0 = Debug|Any CPU
		{DC4F41F4-B0CB-4628-B667-5DA880F48767}.Release|Any CPU.ActiveCfg = Release|Any CPU
		{DC4F41F4-B0CB-4628-B667-5DA880F48767}.Release|Any CPU.Build.0 = Release|Any CPU
		{F86C19AF-E16A-4DD2-9DC0-9ED30B4BD343}.Debug|Any CPU.ActiveCfg = Debug|Any CPU
		{F86C19AF-E16A-4DD2-9DC0-9ED30B4BD343}.Debug|Any CPU.Build.0 = Debug|Any CPU
		{F86C19AF-E16A-4DD2-9DC0-9ED30B4BD343}.Release|Any CPU.ActiveCfg = Release|Any CPU
		{F86C19AF-E16A-4DD2-9DC0-9ED30B4BD343}.Release|Any CPU.Build.0 = Release|Any CPU
		{782BF4C6-8464-4CE0-88B5-6B810F31C703}.Debug|Any CPU.ActiveCfg = Debug|Any CPU
		{782BF4C6-8464-4CE0-88B5-6B810F31C703}.Debug|Any CPU.Build.0 = Debug|Any CPU
		{782BF4C6-8464-4CE0-88B5-6B810F31C703}.Release|Any CPU.ActiveCfg = Release|Any CPU
		{782BF4C6-8464-4CE0-88B5-6B810F31C703}.Release|Any CPU.Build.0 = Release|Any CPU
		{47C7A26F-30C6-42C3-B813-627EB0AC21CD}.Debug|Any CPU.ActiveCfg = Debug|Any CPU
		{47C7A26F-30C6-42C3-B813-627EB0AC21CD}.Debug|Any CPU.Build.0 = Debug|Any CPU
		{47C7A26F-30C6-42C3-B813-627EB0AC21CD}.Release|Any CPU.ActiveCfg = Release|Any CPU
		{47C7A26F-30C6-42C3-B813-627EB0AC21CD}.Release|Any CPU.Build.0 = Release|Any CPU
	EndGlobalSection
	GlobalSection(SolutionProperties) = preSolution
		HideSolutionNode = FALSE
	EndGlobalSection
	GlobalSection(NestedProjects) = preSolution
		{50EC152D-C300-4EF6-ADFB-4416E1D65B9B} = {38781058-D83A-42D2-96DF-7D44E0CA0AF8}
		{B6CE8BB3-A32D-4E56-974D-9FD227983D75} = {C2A4230F-35B6-4C29-BE6A-8BA4E073D2B8}
		{658F7BF2-0AAB-406D-8A38-DCF665368A3D} = {C2A4230F-35B6-4C29-BE6A-8BA4E073D2B8}
		{E895A4FF-A786-415A-9AC8-5E5CDF97B0F3} = {C2A4230F-35B6-4C29-BE6A-8BA4E073D2B8}
		{B606E605-BAC9-4B60-BB9A-8141926C2403} = {C2A4230F-35B6-4C29-BE6A-8BA4E073D2B8}
		{DC4F41F4-B0CB-4628-B667-5DA880F48767} = {F47997B6-02D5-4D2D-BD11-148A0467CD6C}
		{F86C19AF-E16A-4DD2-9DC0-9ED30B4BD343} = {38781058-D83A-42D2-96DF-7D44E0CA0AF8}
		{782BF4C6-8464-4CE0-88B5-6B810F31C703} = {C2A4230F-35B6-4C29-BE6A-8BA4E073D2B8}
		{47C7A26F-30C6-42C3-B813-627EB0AC21CD} = {F47997B6-02D5-4D2D-BD11-148A0467CD6C}
	EndGlobalSection
	GlobalSection(ExtensibilityGlobals) = postSolution
		SolutionGuid = {5B9CE685-5CE7-4B9F-92CC-65BD4555C5DC}
	EndGlobalSection
EndGlobal
